# This file is automatically @generated by Cargo.
# It is not intended for manual editing.
version = 3

[[package]]
name = "b6-cli"
version = "0.1.0"

[[package]]
name = "b6-compiler"
version = "0.1.0"

[[package]]
name = "b6-core"
version = "0.1.0"

[[package]]
name = "nasm-codegen"
version = "0.1.0"
